
Microsoft Visual Studio Solution File, Format Version 12.00
# Visual Studio Version 16
VisualStudioVersion = 16.0.30503.244
MinimumVisualStudioVersion = 10.0.40219.1
Project("{FAE04EC0-301F-11D3-BF4B-00C04F79EFBC}") = "Metodos-Exercicio2", "Metodos-Exercicio2.csproj", "{B4D83891-9F63-4928-8F41-AE941E4F4659}"
EndProject
Global
	GlobalSection(SolutionConfigurationPlatforms) = preSolution
		Debug|Any CPU = Debug|Any CPU
		Release|Any CPU = Release|Any CPU
	EndGlobalSection
	GlobalSection(ProjectConfigurationPlatforms) = postSolution
		{B4D83891-9F63-4928-8F41-AE941E4F4659}.Debug|Any CPU.ActiveCfg = Debug|Any CPU
		{B4D83891-9F63-4928-8F41-AE941E4F4659}.Debug|Any CPU.Build.0 = Debug|Any CPU
		{B4D83891-9F63-4928-8F41-AE941E4F4659}.Release|Any CPU.ActiveCfg = Release|Any CPU
		{B4D83891-9F63-4928-8F41-AE941E4F4659}.Release|Any CPU.Build.0 = Release|Any CPU
	EndGlobalSection
	GlobalSection(SolutionProperties) = preSolution
		HideSolutionNode = FALSE
	EndGlobalSection
	GlobalSection(ExtensibilityGlobals) = postSolution
		SolutionGuid = {A1FEA8EB-EAC9-49AB-9069-3DF3583C0BDC}
	EndGlobalSection
EndGlobal
