
Microsoft Visual Studio Solution File, Format Version 12.00
# Visual Studio Version 17
VisualStudioVersion = 17.2.32630.192
MinimumVisualStudioVersion = 10.0.40219.1
Project("{FAE04EC0-301F-11D3-BF4B-00C04F79EFBC}") = "teste", "teste.csproj", "{752300B5-590C-48D4-BFEE-C7DD373B0AEF}"
EndProject
Global
	GlobalSection(SolutionConfigurationPlatforms) = preSolution
		Debug|Any CPU = Debug|Any CPU
		Release|Any CPU = Release|Any CPU
	EndGlobalSection
	GlobalSection(ProjectConfigurationPlatforms) = postSolution
		{752300B5-590C-48D4-BFEE-C7DD373B0AEF}.Debug|Any CPU.ActiveCfg = Debug|Any CPU
		{752300B5-590C-48D4-BFEE-C7DD373B0AEF}.Debug|Any CPU.Build.0 = Debug|Any CPU
		{752300B5-590C-48D4-BFEE-C7DD373B0AEF}.Release|Any CPU.ActiveCfg = Release|Any CPU
		{752300B5-590C-48D4-BFEE-C7DD373B0AEF}.Release|Any CPU.Build.0 = Release|Any CPU
	EndGlobalSection
	GlobalSection(SolutionProperties) = preSolution
		HideSolutionNode = FALSE
	EndGlobalSection
	GlobalSection(ExtensibilityGlobals) = postSolution
		SolutionGuid = {52E909D0-66E8-43AB-97B6-7E83535997B1}
	EndGlobalSection
EndGlobal
