
Microsoft Visual Studio Solution File, Format Version 12.00
# Visual Studio Version 17
VisualStudioVersion = 17.3.32804.467
MinimumVisualStudioVersion = 10.0.40219.1
Project("{FAE04EC0-301F-11D3-BF4B-00C04F79EFBC}") = "Metodos-Exercicio4", "Metodos-Exercicio4.csproj", "{200C35D8-2463-4EBB-8522-4EF6F546CEEA}"
EndProject
Global
	GlobalSection(SolutionConfigurationPlatforms) = preSolution
		Debug|Any CPU = Debug|Any CPU
		Release|Any CPU = Release|Any CPU
	EndGlobalSection
	GlobalSection(ProjectConfigurationPlatforms) = postSolution
		{200C35D8-2463-4EBB-8522-4EF6F546CEEA}.Debug|Any CPU.ActiveCfg = Debug|Any CPU
		{200C35D8-2463-4EBB-8522-4EF6F546CEEA}.Debug|Any CPU.Build.0 = Debug|Any CPU
		{200C35D8-2463-4EBB-8522-4EF6F546CEEA}.Release|Any CPU.ActiveCfg = Release|Any CPU
		{200C35D8-2463-4EBB-8522-4EF6F546CEEA}.Release|Any CPU.Build.0 = Release|Any CPU
	EndGlobalSection
	GlobalSection(SolutionProperties) = preSolution
		HideSolutionNode = FALSE
	EndGlobalSection
	GlobalSection(ExtensibilityGlobals) = postSolution
		SolutionGuid = {6D0B3696-ADAA-4764-A234-E58AA60CD5FC}
	EndGlobalSection
EndGlobal
