
Microsoft Visual Studio Solution File, Format Version 12.00
# Visual Studio Version 16
VisualStudioVersion = 16.0.30503.244
MinimumVisualStudioVersion = 10.0.40219.1
Project("{FAE04EC0-301F-11D3-BF4B-00C04F79EFBC}") = "Exemplo1", "Exemplo1.csproj", "{0CBE98FA-D2E0-46EB-813B-0A413DC2FA1A}"
EndProject
Global
	GlobalSection(SolutionConfigurationPlatforms) = preSolution
		Debug|Any CPU = Debug|Any CPU
		Release|Any CPU = Release|Any CPU
	EndGlobalSection
	GlobalSection(ProjectConfigurationPlatforms) = postSolution
		{0CBE98FA-D2E0-46EB-813B-0A413DC2FA1A}.Debug|Any CPU.ActiveCfg = Debug|Any CPU
		{0CBE98FA-D2E0-46EB-813B-0A413DC2FA1A}.Debug|Any CPU.Build.0 = Debug|Any CPU
		{0CBE98FA-D2E0-46EB-813B-0A413DC2FA1A}.Release|Any CPU.ActiveCfg = Release|Any CPU
		{0CBE98FA-D2E0-46EB-813B-0A413DC2FA1A}.Release|Any CPU.Build.0 = Release|Any CPU
	EndGlobalSection
	GlobalSection(SolutionProperties) = preSolution
		HideSolutionNode = FALSE
	EndGlobalSection
	GlobalSection(ExtensibilityGlobals) = postSolution
		SolutionGuid = {9624C133-266B-48FB-A066-BA93C3D23E0D}
	EndGlobalSection
EndGlobal
