
Microsoft Visual Studio Solution File, Format Version 12.00
# Visual Studio Version 17
VisualStudioVersion = 17.3.32901.215
MinimumVisualStudioVersion = 10.0.40219.1
Project("{FAE04EC0-301F-11D3-BF4B-00C04F79EFBC}") = "Aula11-Exercício8", "Aula11-Exercício8.csproj", "{6649422E-8E55-4764-86EF-C250AC5E00FA}"
EndProject
Global
	GlobalSection(SolutionConfigurationPlatforms) = preSolution
		Debug|Any CPU = Debug|Any CPU
		Release|Any CPU = Release|Any CPU
	EndGlobalSection
	GlobalSection(ProjectConfigurationPlatforms) = postSolution
		{6649422E-8E55-4764-86EF-C250AC5E00FA}.Debug|Any CPU.ActiveCfg = Debug|Any CPU
		{6649422E-8E55-4764-86EF-C250AC5E00FA}.Debug|Any CPU.Build.0 = Debug|Any CPU
		{6649422E-8E55-4764-86EF-C250AC5E00FA}.Release|Any CPU.ActiveCfg = Release|Any CPU
		{6649422E-8E55-4764-86EF-C250AC5E00FA}.Release|Any CPU.Build.0 = Release|Any CPU
	EndGlobalSection
	GlobalSection(SolutionProperties) = preSolution
		HideSolutionNode = FALSE
	EndGlobalSection
	GlobalSection(ExtensibilityGlobals) = postSolution
		SolutionGuid = {AC42B90E-3989-4DC2-8EE5-B7BEDD79BF29}
	EndGlobalSection
EndGlobal
