
Microsoft Visual Studio Solution File, Format Version 12.00
# Visual Studio Version 16
VisualStudioVersion = 16.0.30503.244
MinimumVisualStudioVersion = 10.0.40219.1
Project("{FAE04EC0-301F-11D3-BF4B-00C04F79EFBC}") = "Exercicio3", "Exercicio3.csproj", "{CD580388-ED67-44AD-83B7-09D19F5FD211}"
EndProject
Global
	GlobalSection(SolutionConfigurationPlatforms) = preSolution
		Debug|Any CPU = Debug|Any CPU
		Release|Any CPU = Release|Any CPU
	EndGlobalSection
	GlobalSection(ProjectConfigurationPlatforms) = postSolution
		{CD580388-ED67-44AD-83B7-09D19F5FD211}.Debug|Any CPU.ActiveCfg = Debug|Any CPU
		{CD580388-ED67-44AD-83B7-09D19F5FD211}.Debug|Any CPU.Build.0 = Debug|Any CPU
		{CD580388-ED67-44AD-83B7-09D19F5FD211}.Release|Any CPU.ActiveCfg = Release|Any CPU
		{CD580388-ED67-44AD-83B7-09D19F5FD211}.Release|Any CPU.Build.0 = Release|Any CPU
	EndGlobalSection
	GlobalSection(SolutionProperties) = preSolution
		HideSolutionNode = FALSE
	EndGlobalSection
	GlobalSection(ExtensibilityGlobals) = postSolution
		SolutionGuid = {35C18915-5DED-4183-9E52-0E96A8CD8355}
	EndGlobalSection
EndGlobal
