
Microsoft Visual Studio Solution File, Format Version 12.00
# Visual Studio Version 16
VisualStudioVersion = 16.0.30503.244
MinimumVisualStudioVersion = 10.0.40219.1
Project("{FAE04EC0-301F-11D3-BF4B-00C04F79EFBC}") = "Exercicio6", "Exercicio6.csproj", "{1EAFE33F-8BB3-40B0-B946-34E433ABFA62}"
EndProject
Global
	GlobalSection(SolutionConfigurationPlatforms) = preSolution
		Debug|Any CPU = Debug|Any CPU
		Release|Any CPU = Release|Any CPU
	EndGlobalSection
	GlobalSection(ProjectConfigurationPlatforms) = postSolution
		{1EAFE33F-8BB3-40B0-B946-34E433ABFA62}.Debug|Any CPU.ActiveCfg = Debug|Any CPU
		{1EAFE33F-8BB3-40B0-B946-34E433ABFA62}.Debug|Any CPU.Build.0 = Debug|Any CPU
		{1EAFE33F-8BB3-40B0-B946-34E433ABFA62}.Release|Any CPU.ActiveCfg = Release|Any CPU
		{1EAFE33F-8BB3-40B0-B946-34E433ABFA62}.Release|Any CPU.Build.0 = Release|Any CPU
	EndGlobalSection
	GlobalSection(SolutionProperties) = preSolution
		HideSolutionNode = FALSE
	EndGlobalSection
	GlobalSection(ExtensibilityGlobals) = postSolution
		SolutionGuid = {7B4A635B-B826-49A3-91EF-F13E3CFFD43B}
	EndGlobalSection
EndGlobal
