
Microsoft Visual Studio Solution File, Format Version 12.00
# Visual Studio Version 16
VisualStudioVersion = 16.0.30503.244
MinimumVisualStudioVersion = 10.0.40219.1
Project("{FAE04EC0-301F-11D3-BF4B-00C04F79EFBC}") = "Aula11-Exercício2", "Aula11-Exercício2.csproj", "{9B576F2B-CC95-47E4-BB2C-F40CE6B9FB58}"
EndProject
Global
	GlobalSection(SolutionConfigurationPlatforms) = preSolution
		Debug|Any CPU = Debug|Any CPU
		Release|Any CPU = Release|Any CPU
	EndGlobalSection
	GlobalSection(ProjectConfigurationPlatforms) = postSolution
		{9B576F2B-CC95-47E4-BB2C-F40CE6B9FB58}.Debug|Any CPU.ActiveCfg = Debug|Any CPU
		{9B576F2B-CC95-47E4-BB2C-F40CE6B9FB58}.Debug|Any CPU.Build.0 = Debug|Any CPU
		{9B576F2B-CC95-47E4-BB2C-F40CE6B9FB58}.Release|Any CPU.ActiveCfg = Release|Any CPU
		{9B576F2B-CC95-47E4-BB2C-F40CE6B9FB58}.Release|Any CPU.Build.0 = Release|Any CPU
	EndGlobalSection
	GlobalSection(SolutionProperties) = preSolution
		HideSolutionNode = FALSE
	EndGlobalSection
	GlobalSection(ExtensibilityGlobals) = postSolution
		SolutionGuid = {F383998A-7075-4FC1-85C4-2B16F8884AF2}
	EndGlobalSection
EndGlobal
