
Microsoft Visual Studio Solution File, Format Version 12.00
# Visual Studio Version 16
VisualStudioVersion = 16.0.30503.244
MinimumVisualStudioVersion = 10.0.40219.1
Project("{FAE04EC0-301F-11D3-BF4B-00C04F79EFBC}") = "Exercicio8", "Exercicio8.csproj", "{E7B25A6E-FA1E-4EE2-86A7-DB79F0977A3F}"
EndProject
Global
	GlobalSection(SolutionConfigurationPlatforms) = preSolution
		Debug|Any CPU = Debug|Any CPU
		Release|Any CPU = Release|Any CPU
	EndGlobalSection
	GlobalSection(ProjectConfigurationPlatforms) = postSolution
		{E7B25A6E-FA1E-4EE2-86A7-DB79F0977A3F}.Debug|Any CPU.ActiveCfg = Debug|Any CPU
		{E7B25A6E-FA1E-4EE2-86A7-DB79F0977A3F}.Debug|Any CPU.Build.0 = Debug|Any CPU
		{E7B25A6E-FA1E-4EE2-86A7-DB79F0977A3F}.Release|Any CPU.ActiveCfg = Release|Any CPU
		{E7B25A6E-FA1E-4EE2-86A7-DB79F0977A3F}.Release|Any CPU.Build.0 = Release|Any CPU
	EndGlobalSection
	GlobalSection(SolutionProperties) = preSolution
		HideSolutionNode = FALSE
	EndGlobalSection
	GlobalSection(ExtensibilityGlobals) = postSolution
		SolutionGuid = {E13BE777-2F97-478F-B775-9E43960A763B}
	EndGlobalSection
EndGlobal
