
Microsoft Visual Studio Solution File, Format Version 12.00
# Visual Studio Version 16
VisualStudioVersion = 16.0.30503.244
MinimumVisualStudioVersion = 10.0.40219.1
Project("{FAE04EC0-301F-11D3-BF4B-00C04F79EFBC}") = "Aula11-Exercício1", "Aula11-Exercício1.csproj", "{2BCFED86-4C5A-4CD4-84EB-F164126D6304}"
EndProject
Global
	GlobalSection(SolutionConfigurationPlatforms) = preSolution
		Debug|Any CPU = Debug|Any CPU
		Release|Any CPU = Release|Any CPU
	EndGlobalSection
	GlobalSection(ProjectConfigurationPlatforms) = postSolution
		{2BCFED86-4C5A-4CD4-84EB-F164126D6304}.Debug|Any CPU.ActiveCfg = Debug|Any CPU
		{2BCFED86-4C5A-4CD4-84EB-F164126D6304}.Debug|Any CPU.Build.0 = Debug|Any CPU
		{2BCFED86-4C5A-4CD4-84EB-F164126D6304}.Release|Any CPU.ActiveCfg = Release|Any CPU
		{2BCFED86-4C5A-4CD4-84EB-F164126D6304}.Release|Any CPU.Build.0 = Release|Any CPU
	EndGlobalSection
	GlobalSection(SolutionProperties) = preSolution
		HideSolutionNode = FALSE
	EndGlobalSection
	GlobalSection(ExtensibilityGlobals) = postSolution
		SolutionGuid = {F7837D82-9E71-4820-888B-1749F134FCA4}
	EndGlobalSection
EndGlobal
